
Microsoft Visual Studio Solution File, Format Version 12.00
# Visual Studio Version 17
VisualStudioVersion = 17.10.34928.147
MinimumVisualStudioVersion = 10.0.40219.1
Project("{FAE04EC0-301F-11D3-BF4B-00C04F79EFBC}") = "WSHRCCarController", "WSHRCCarController\WSHRCCarController.csproj", "{B6ED3C1E-D5F0-465D-ACF9-3450D7D78836}"
EndProject
Global
	GlobalSection(SolutionConfigurationPlatforms) = preSolution
		Debug|Any CPU = Debug|Any CPU
		Release|Any CPU = Release|Any CPU
	EndGlobalSection
	GlobalSection(ProjectConfigurationPlatforms) = postSolution
		{B6ED3C1E-D5F0-465D-ACF9-3450D7D78836}.Debug|Any CPU.ActiveCfg = Debug|Any CPU
		{B6ED3C1E-D5F0-465D-ACF9-3450D7D78836}.Debug|Any CPU.Build.0 = Debug|Any CPU
		{B6ED3C1E-D5F0-465D-ACF9-3450D7D78836}.Debug|Any CPU.Deploy.0 = Debug|Any CPU
		{B6ED3C1E-D5F0-465D-ACF9-3450D7D78836}.Release|Any CPU.ActiveCfg = Release|Any CPU
		{B6ED3C1E-D5F0-465D-ACF9-3450D7D78836}.Release|Any CPU.Build.0 = Release|Any CPU
		{B6ED3C1E-D5F0-465D-ACF9-3450D7D78836}.Release|Any CPU.Deploy.0 = Release|Any CPU
	EndGlobalSection
	GlobalSection(SolutionProperties) = preSolution
		HideSolutionNode = FALSE
	EndGlobalSection
	GlobalSection(ExtensibilityGlobals) = postSolution
		SolutionGuid = {9B15A27D-2AD9-45A0-B581-BDA887BA3DBA}
	EndGlobalSection
EndGlobal
